
Microsoft Visual Studio Solution File, Format Version 12.00
# Visual Studio Version 17
VisualStudioVersion = 17.9.34607.119
MinimumVisualStudioVersion = 10.0.40219.1
Project("{FAE04EC0-301F-11D3-BF4B-00C04F79EFBC}") = "Bank", "Bank.csproj", "{3C5FC772-B92D-4B1D-87DC-6CCD7DA7D1E2}"
EndProject
Global
	GlobalSection(SolutionConfigurationPlatforms) = preSolution
		Debug|Any CPU = Debug|Any CPU
		Release|Any CPU = Release|Any CPU
	EndGlobalSection
	GlobalSection(ProjectConfigurationPlatforms) = postSolution
		{3C5FC772-B92D-4B1D-87DC-6CCD7DA7D1E2}.Debug|Any CPU.ActiveCfg = Debug|Any CPU
		{3C5FC772-B92D-4B1D-87DC-6CCD7DA7D1E2}.Debug|Any CPU.Build.0 = Debug|Any CPU
		{3C5FC772-B92D-4B1D-87DC-6CCD7DA7D1E2}.Release|Any CPU.ActiveCfg = Release|Any CPU
		{3C5FC772-B92D-4B1D-87DC-6CCD7DA7D1E2}.Release|Any CPU.Build.0 = Release|Any CPU
	EndGlobalSection
	GlobalSection(SolutionProperties) = preSolution
		HideSolutionNode = FALSE
	EndGlobalSection
	GlobalSection(ExtensibilityGlobals) = postSolution
		SolutionGuid = {6C8D5C0A-B605-4415-9BF5-96DED07B66A9}
	EndGlobalSection
EndGlobal
